// !$*UTF8*$!
{
	archiveVersion = 1;
	classes = {
	};
	objectVersion = 46;
	objects = {

/* Begin PBXBuildFile section */
		6431ACE81BCB5F7B00366834 /* main.c in Sources */ = {isa = PBXBuildFile; fileRef = 6431ACE71BCB5F7B00366834 /* main.c */; };
		6431ACF61BCB614600366834 /* SeqList.c in Sources */ = {isa = PBXBuildFile; fileRef = 6431ACF41BCB614600366834 /* SeqList.c */; settings = {ASSET_TAGS = (); }; };
/* End PBXBuildFile section */

/* Begin PBXCopyFilesBuildPhase section */
		6431ACE21BCB5F7B00366834 /* CopyFiles */ = {
			isa = PBXCopyFilesBuildPhase;
			buildActionMask = 2147483647;
			dstPath = /usr/share/man/man1/;
			dstSubfolderSpec = 0;
			files = (
			);
			runOnlyForDeploymentPostprocessing = 1;
		};
/* End PBXCopyFilesBuildPhase section */

/* Begin PBXFileReference section */
		6431ACE41BCB5F7B00366834 /* 01_LinearList_Sequence_Storage */ = {isa = PBXFileReference; explicitFileType = "compiled.mach-o.executable"; includeInIndex = 0; path = 01_LinearList_Sequence_Storage; sourceTree = BUILT_PRODUCTS_DIR; };
		6431ACE71BCB5F7B00366834 /* main.c */ = {isa = PBXFileReference; lastKnownFileType = sourcecode.c.c; path = main.c; sourceTree = "<group>"; };
		6431ACF41BCB614600366834 /* SeqList.c */ = {isa = PBXFileReference; fileEncoding = 4; lastKnownFileType = sourcecode.c.c; path = SeqList.c; sourceTree = "<group>"; };
		6431ACF51BCB614600366834 /* SeqList.h */ = {isa = PBXFileReference; fileEncoding = 4; lastKnownFileType = sourcecode.c.h; path = SeqList.h; sourceTree = "<group>"; };
		64E59AB51BCCE5F5000561C8 /* Structs.h */ = {isa = PBXFileReference; fileEncoding = 4; lastKnownFileType = sourcecode.c.h; path = Structs.h; sourceTree = "<group>"; };
/* End PBXFileReference section */

/* Begin PBXFrameworksBuildPhase section */
		6431ACE11BCB5F7B00366834 /* Frameworks */ = {
			isa = PBXFrameworksBuildPhase;
			buildActionMask = 2147483647;
			files = (
			);
			runOnlyForDeploymentPostprocessing = 0;
		};
/* End PBXFrameworksBuildPhase section */

/* Begin PBXGroup section */
		6431ACDB1BCB5F7B00366834 = {
			isa = PBXGroup;
			children = (
				6431ACE61BCB5F7B00366834 /* 01_LinearList_Sequence_Storage */,
				6431ACE51BCB5F7B00366834 /* Products */,
			);
			sourceTree = "<group>";
		};
		6431ACE51BCB5F7B00366834 /* Products */ = {
			isa = PBXGroup;
			children = (
				6431ACE41BCB5F7B00366834 /* 01_LinearList_Sequence_Storage */,
			);
			name = Products;
			sourceTree = "<group>";
		};
		6431ACE61BCB5F7B00366834 /* 01_LinearList_Sequence_Storage */ = {
			isa = PBXGroup;
			children = (
				64E59AB51BCCE5F5000561C8 /* Structs.h */,
				6431ACF51BCB614600366834 /* SeqList.h */,
				6431ACF41BCB614600366834 /* SeqList.c */,
				6431ACE71BCB5F7B00366834 /* main.c */,
			);
			path = 01_LinearList_Sequence_Storage;
			sourceTree = "<group>";
		};
/* End PBXGroup section */

/* Begin PBXNativeTarget section */
		6431ACE31BCB5F7B00366834 /* 01_LinearList_Sequence_Storage */ = {
			isa = PBXNativeTarget;
			buildConfigurationList = 6431ACEB1BCB5F7B00366834 /* Build configuration list for PBXNativeTarget "01_LinearList_Sequence_Storage" */;
			buildPhases = (
				6431ACE01BCB5F7B00366834 /* Sources */,
				6431ACE11BCB5F7B00366834 /* Frameworks */,
				6431ACE21BCB5F7B00366834 /* CopyFiles */,
			);
			buildRules = (
			);
			dependencies = (
			);
			name = 01_LinearList_Sequence_Storage;
			productName = 01_LinearList_Sequence_Storage;
			productReference = 6431ACE41BCB5F7B00366834 /* 01_LinearList_Sequence_Storage */;
			productType = "com.apple.product-type.tool";
		};
/* End PBXNativeTarget section */

/* Begin PBXProject section */
		6431ACDC1BCB5F7B00366834 /* Project object */ = {
			isa = PBXProject;
			attributes = {
				LastUpgradeCheck = 0700;
				ORGANIZATIONNAME = "Jhon Chan";
				TargetAttributes = {
					6431ACE31BCB5F7B00366834 = {
						CreatedOnToolsVersion = 7.0.1;
					};
				};
			};
			buildConfigurationList = 6431ACDF1BCB5F7B00366834 /* Build configuration list for PBXProject "01_LinearList_Sequence_Storage" */;
			compatibilityVersion = "Xcode 3.2";
			developmentRegion = English;
			hasScannedForEncodings = 0;
			knownRegions = (
				en,
			);
			mainGroup = 6431ACDB1BCB5F7B00366834;
			productRefGroup = 6431ACE51BCB5F7B00366834 /* Products */;
			projectDirPath = "";
			projectRoot = "";
			targets = (
				6431ACE31BCB5F7B00366834 /* 01_LinearList_Sequence_Storage */,
			);
		};
/* End PBXProject section */

/* Begin PBXSourcesBuildPhase section */
		6431ACE01BCB5F7B00366834 /* Sources */ = {
			isa = PBXSourcesBuildPhase;
			buildActionMask = 2147483647;
			files = (
				6431ACE81BCB5F7B00366834 /* main.c in Sources */,
				6431ACF61BCB614600366834 /* SeqList.c in Sources */,
			);
			runOnlyForDeploymentPostprocessing = 0;
		};
/* End PBXSourcesBuildPhase section */

/* Begin XCBuildConfiguration section */
		6431ACE91BCB5F7B00366834 /* Debug */ = {
			isa = XCBuildConfiguration;
			buildSettings = {
				ALWAYS_SEARCH_USER_PATHS = NO;
				CLANG_CXX_LANGUAGE_STANDARD = "gnu++0x";
				CLANG_CXX_LIBRARY = "libc++";
				CLANG_ENABLE_MODULES = YES;
				CLANG_ENABLE_OBJC_ARC = YES;
				CLANG_WARN_BOOL_CONVERSION = YES;
				CLANG_WARN_CONSTANT_CONVERSION = YES;
				CLANG_WARN_DIRECT_OBJC_ISA_USAGE = YES_ERROR;
				CLANG_WARN_EMPTY_BODY = YES;
				CLANG_WARN_ENUM_CONVERSION = YES;
				CLANG_WARN_INT_CONVERSION = YES;
				CLANG_WARN_OBJC_ROOT_CLASS = YES_ERROR;
				CLANG_WARN_UNREACHABLE_CODE = YES;
				CLANG_WARN__DUPLICATE_METHOD_MATCH = YES;
				COPY_PHASE_STRIP = NO;
				DEBUG_INFORMATION_FORMAT = dwarf;
				ENABLE_STRICT_OBJC_MSGSEND = YES;
				ENABLE_TESTABILITY = YES;
				GCC_C_LANGUAGE_STANDARD = gnu99;
				GCC_DYNAMIC_NO_PIC = NO;
				GCC_NO_COMMON_BLOCKS = YES;
				GCC_OPTIMIZATION_LEVEL = 0;
				GCC_PREPROCESSOR_DEFINITIONS = (
					"DEBUG=1",
					"$(inherited)",
				);
				GCC_WARN_64_TO_32_BIT_CONVERSION = YES;
				GCC_WARN_ABOUT_RETURN_TYPE = YES_ERROR;
				GCC_WARN_UNDECLARED_SELECTOR = YES;
				GCC_WARN_UNINITIALIZED_AUTOS = YES_AGGRESSIVE;
				GCC_WARN_UNUSED_FUNCTION = YES;
				GCC_WARN_UNUSED_VARIABLE = YES;
				MACOSX_DEPLOYMENT_TARGET = 10.11;
				MTL_ENABLE_DEBUG_INFO = YES;
				ONLY_ACTIVE_ARCH = YES;
				SDKROOT = macosx;
			};
			name = Debug;
		};
		6431ACEA1BCB5F7B00366834 /* Release */ = {
			isa = XCBuildConfiguration;
			buildSettings = {
				ALWAYS_SEARCH_USER_PATHS = NO;
				CLANG_CXX_LANGUAGE_STANDARD = "gnu++0x";
				CLANG_CXX_LIBRARY = "libc++";
				CLANG_ENABLE_MODULES = YES;
				CLANG_ENABLE_OBJC_ARC = YES;
				CLANG_WARN_BOOL_CONVERSION = YES;
				CLANG_WARN_CONSTANT_CONVERSION = YES;
				CLANG_WARN_DIRECT_OBJC_ISA_USAGE = YES_ERROR;
				CLANG_WARN_EMPTY_BODY = YES;
				CLANG_WARN_ENUM_CONVERSION = YES;
				CLANG_WARN_INT_CONVERSION = YES;
				CLANG_WARN_OBJC_ROOT_CLASS = YES_ERROR;
				CLANG_WARN_UNREACHABLE_CODE = YES;
				CLANG_WARN__DUPLICATE_METHOD_MATCH = YES;
				COPY_PHASE_STRIP = NO;
				DEBUG_INFORMATION_FORMAT = "dwarf-with-dsym";
				ENABLE_NS_ASSERTIONS = NO;
				ENABLE_STRICT_OBJC_MSGSEND = YES;
				GCC_C_LANGUAGE_STANDARD = gnu99;
				GCC_NO_COMMON_BLOCKS = YES;
				GCC_WARN_64_TO_32_BIT_CONVERSION = YES;
				GCC_WARN_ABOUT_RETURN_TYPE = YES_ERROR;
				GCC_WARN_UNDECLARED_SELECTOR = YES;
				GCC_WARN_UNINITIALIZED_AUTOS = YES_AGGRESSIVE;
				GCC_WARN_UNUSED_FUNCTION = YES;
				GCC_WARN_UNUSED_VARIABLE = YES;
				MACOSX_DEPLOYMENT_TARGET = 10.11;
				MTL_ENABLE_DEBUG_INFO = NO;
				SDKROOT = macosx;
			};
			name = Release;
		};
		6431ACEC1BCB5F7B00366834 /* Debug */ = {
			isa = XCBuildConfiguration;
			buildSettings = {
				PRODUCT_NAME = "$(TARGET_NAME)";
			};
			name = Debug;
		};
		6431ACED1BCB5F7B00366834 /* Release */ = {
			isa = XCBuildConfiguration;
			buildSettings = {
				PRODUCT_NAME = "$(TARGET_NAME)";
			};
			name = Release;
		};
/* End XCBuildConfiguration section */

/* Begin XCConfigurationList section */
		6431ACDF1BCB5F7B00366834 /* Build configuration list for PBXProject "01_LinearList_Sequence_Storage" */ = {
			isa = XCConfigurationList;
			buildConfigurations = (
				6431ACE91BCB5F7B00366834 /* Debug */,
				6431ACEA1BCB5F7B00366834 /* Release */,
			);
			defaultConfigurationIsVisible = 0;
			defaultConfigurationName = Release;
		};
		6431ACEB1BCB5F7B00366834 /* Build configuration list for PBXNativeTarget "01_LinearList_Sequence_Storage" */ = {
			isa = XCConfigurationList;
			buildConfigurations = (
				6431ACEC1BCB5F7B00366834 /* Debug */,
				6431ACED1BCB5F7B00366834 /* Release */,
			);
			defaultConfigurationIsVisible = 0;
			defaultConfigurationName = Release;
		};
/* End XCConfigurationList section */
	};
	rootObject = 6431ACDC1BCB5F7B00366834 /* Project object */;
}
