// !$*UTF8*$!
{
	archiveVersion = 1;
	classes = {
	};
	objectVersion = 46;
	objects = {

/* Begin PBXBuildFile section */
		64E59AC41BCD1CA5000561C8 /* main.c in Sources */ = {isa = PBXBuildFile; fileRef = 64E59AC31BCD1CA5000561C8 /* main.c */; };
		64E59ACC1BCD1CF4000561C8 /* LinkList.c in Sources */ = {isa = PBXBuildFile; fileRef = 64E59ACA1BCD1CF4000561C8 /* LinkList.c */; settings = {ASSET_TAGS = (); }; };
/* End PBXBuildFile section */

/* Begin PBXCopyFilesBuildPhase section */
		64E59ABE1BCD1CA5000561C8 /* CopyFiles */ = {
			isa = PBXCopyFilesBuildPhase;
			buildActionMask = 2147483647;
			dstPath = /usr/share/man/man1/;
			dstSubfolderSpec = 0;
			files = (
			);
			runOnlyForDeploymentPostprocessing = 1;
		};
/* End PBXCopyFilesBuildPhase section */

/* Begin PBXFileReference section */
		64E59AC01BCD1CA5000561C8 /* 02_LinearList_Linked_Storage */ = {isa = PBXFileReference; explicitFileType = "compiled.mach-o.executable"; includeInIndex = 0; path = 02_LinearList_Linked_Storage; sourceTree = BUILT_PRODUCTS_DIR; };
		64E59AC31BCD1CA5000561C8 /* main.c */ = {isa = PBXFileReference; lastKnownFileType = sourcecode.c.c; path = main.c; sourceTree = "<group>"; };
		64E59ACA1BCD1CF4000561C8 /* LinkList.c */ = {isa = PBXFileReference; fileEncoding = 4; lastKnownFileType = sourcecode.c.c; path = LinkList.c; sourceTree = "<group>"; };
		64E59ACB1BCD1CF4000561C8 /* LinkList.h */ = {isa = PBXFileReference; fileEncoding = 4; lastKnownFileType = sourcecode.c.h; path = LinkList.h; sourceTree = "<group>"; };
/* End PBXFileReference section */

/* Begin PBXFrameworksBuildPhase section */
		64E59ABD1BCD1CA5000561C8 /* Frameworks */ = {
			isa = PBXFrameworksBuildPhase;
			buildActionMask = 2147483647;
			files = (
			);
			runOnlyForDeploymentPostprocessing = 0;
		};
/* End PBXFrameworksBuildPhase section */

/* Begin PBXGroup section */
		64E59AB71BCD1CA5000561C8 = {
			isa = PBXGroup;
			children = (
				64E59AC21BCD1CA5000561C8 /* 02_LinearList_Linked_Storage */,
				64E59AC11BCD1CA5000561C8 /* Products */,
			);
			sourceTree = "<group>";
		};
		64E59AC11BCD1CA5000561C8 /* Products */ = {
			isa = PBXGroup;
			children = (
				64E59AC01BCD1CA5000561C8 /* 02_LinearList_Linked_Storage */,
			);
			name = Products;
			sourceTree = "<group>";
		};
		64E59AC21BCD1CA5000561C8 /* 02_LinearList_Linked_Storage */ = {
			isa = PBXGroup;
			children = (
				64E59ACB1BCD1CF4000561C8 /* LinkList.h */,
				64E59ACA1BCD1CF4000561C8 /* LinkList.c */,
				64E59AC31BCD1CA5000561C8 /* main.c */,
			);
			path = 02_LinearList_Linked_Storage;
			sourceTree = "<group>";
		};
/* End PBXGroup section */

/* Begin PBXNativeTarget section */
		64E59ABF1BCD1CA5000561C8 /* 02_LinearList_Linked_Storage */ = {
			isa = PBXNativeTarget;
			buildConfigurationList = 64E59AC71BCD1CA5000561C8 /* Build configuration list for PBXNativeTarget "02_LinearList_Linked_Storage" */;
			buildPhases = (
				64E59ABC1BCD1CA5000561C8 /* Sources */,
				64E59ABD1BCD1CA5000561C8 /* Frameworks */,
				64E59ABE1BCD1CA5000561C8 /* CopyFiles */,
			);
			buildRules = (
			);
			dependencies = (
			);
			name = 02_LinearList_Linked_Storage;
			productName = 02_LinearList_Linked_Storage;
			productReference = 64E59AC01BCD1CA5000561C8 /* 02_LinearList_Linked_Storage */;
			productType = "com.apple.product-type.tool";
		};
/* End PBXNativeTarget section */

/* Begin PBXProject section */
		64E59AB81BCD1CA5000561C8 /* Project object */ = {
			isa = PBXProject;
			attributes = {
				LastUpgradeCheck = 0700;
				ORGANIZATIONNAME = chan;
				TargetAttributes = {
					64E59ABF1BCD1CA5000561C8 = {
						CreatedOnToolsVersion = 7.0.1;
					};
				};
			};
			buildConfigurationList = 64E59ABB1BCD1CA5000561C8 /* Build configuration list for PBXProject "02_LinearList_Linked_Storage" */;
			compatibilityVersion = "Xcode 3.2";
			developmentRegion = English;
			hasScannedForEncodings = 0;
			knownRegions = (
				en,
			);
			mainGroup = 64E59AB71BCD1CA5000561C8;
			productRefGroup = 64E59AC11BCD1CA5000561C8 /* Products */;
			projectDirPath = "";
			projectRoot = "";
			targets = (
				64E59ABF1BCD1CA5000561C8 /* 02_LinearList_Linked_Storage */,
			);
		};
/* End PBXProject section */

/* Begin PBXSourcesBuildPhase section */
		64E59ABC1BCD1CA5000561C8 /* Sources */ = {
			isa = PBXSourcesBuildPhase;
			buildActionMask = 2147483647;
			files = (
				64E59AC41BCD1CA5000561C8 /* main.c in Sources */,
				64E59ACC1BCD1CF4000561C8 /* LinkList.c in Sources */,
			);
			runOnlyForDeploymentPostprocessing = 0;
		};
/* End PBXSourcesBuildPhase section */

/* Begin XCBuildConfiguration section */
		64E59AC51BCD1CA5000561C8 /* Debug */ = {
			isa = XCBuildConfiguration;
			buildSettings = {
				ALWAYS_SEARCH_USER_PATHS = NO;
				CLANG_CXX_LANGUAGE_STANDARD = "gnu++0x";
				CLANG_CXX_LIBRARY = "libc++";
				CLANG_ENABLE_MODULES = YES;
				CLANG_ENABLE_OBJC_ARC = YES;
				CLANG_WARN_BOOL_CONVERSION = YES;
				CLANG_WARN_CONSTANT_CONVERSION = YES;
				CLANG_WARN_DIRECT_OBJC_ISA_USAGE = YES_ERROR;
				CLANG_WARN_EMPTY_BODY = YES;
				CLANG_WARN_ENUM_CONVERSION = YES;
				CLANG_WARN_INT_CONVERSION = YES;
				CLANG_WARN_OBJC_ROOT_CLASS = YES_ERROR;
				CLANG_WARN_UNREACHABLE_CODE = YES;
				CLANG_WARN__DUPLICATE_METHOD_MATCH = YES;
				COPY_PHASE_STRIP = NO;
				DEBUG_INFORMATION_FORMAT = dwarf;
				ENABLE_STRICT_OBJC_MSGSEND = YES;
				ENABLE_TESTABILITY = YES;
				GCC_C_LANGUAGE_STANDARD = gnu99;
				GCC_DYNAMIC_NO_PIC = NO;
				GCC_NO_COMMON_BLOCKS = YES;
				GCC_OPTIMIZATION_LEVEL = 0;
				GCC_PREPROCESSOR_DEFINITIONS = (
					"DEBUG=1",
					"$(inherited)",
				);
				GCC_WARN_64_TO_32_BIT_CONVERSION = YES;
				GCC_WARN_ABOUT_RETURN_TYPE = YES_ERROR;
				GCC_WARN_UNDECLARED_SELECTOR = YES;
				GCC_WARN_UNINITIALIZED_AUTOS = YES_AGGRESSIVE;
				GCC_WARN_UNUSED_FUNCTION = YES;
				GCC_WARN_UNUSED_VARIABLE = YES;
				MACOSX_DEPLOYMENT_TARGET = 10.11;
				MTL_ENABLE_DEBUG_INFO = YES;
				ONLY_ACTIVE_ARCH = YES;
				SDKROOT = macosx;
			};
			name = Debug;
		};
		64E59AC61BCD1CA5000561C8 /* Release */ = {
			isa = XCBuildConfiguration;
			buildSettings = {
				ALWAYS_SEARCH_USER_PATHS = NO;
				CLANG_CXX_LANGUAGE_STANDARD = "gnu++0x";
				CLANG_CXX_LIBRARY = "libc++";
				CLANG_ENABLE_MODULES = YES;
				CLANG_ENABLE_OBJC_ARC = YES;
				CLANG_WARN_BOOL_CONVERSION = YES;
				CLANG_WARN_CONSTANT_CONVERSION = YES;
				CLANG_WARN_DIRECT_OBJC_ISA_USAGE = YES_ERROR;
				CLANG_WARN_EMPTY_BODY = YES;
				CLANG_WARN_ENUM_CONVERSION = YES;
				CLANG_WARN_INT_CONVERSION = YES;
				CLANG_WARN_OBJC_ROOT_CLASS = YES_ERROR;
				CLANG_WARN_UNREACHABLE_CODE = YES;
				CLANG_WARN__DUPLICATE_METHOD_MATCH = YES;
				COPY_PHASE_STRIP = NO;
				DEBUG_INFORMATION_FORMAT = "dwarf-with-dsym";
				ENABLE_NS_ASSERTIONS = NO;
				ENABLE_STRICT_OBJC_MSGSEND = YES;
				GCC_C_LANGUAGE_STANDARD = gnu99;
				GCC_NO_COMMON_BLOCKS = YES;
				GCC_WARN_64_TO_32_BIT_CONVERSION = YES;
				GCC_WARN_ABOUT_RETURN_TYPE = YES_ERROR;
				GCC_WARN_UNDECLARED_SELECTOR = YES;
				GCC_WARN_UNINITIALIZED_AUTOS = YES_AGGRESSIVE;
				GCC_WARN_UNUSED_FUNCTION = YES;
				GCC_WARN_UNUSED_VARIABLE = YES;
				MACOSX_DEPLOYMENT_TARGET = 10.11;
				MTL_ENABLE_DEBUG_INFO = NO;
				SDKROOT = macosx;
			};
			name = Release;
		};
		64E59AC81BCD1CA5000561C8 /* Debug */ = {
			isa = XCBuildConfiguration;
			buildSettings = {
				PRODUCT_NAME = "$(TARGET_NAME)";
			};
			name = Debug;
		};
		64E59AC91BCD1CA5000561C8 /* Release */ = {
			isa = XCBuildConfiguration;
			buildSettings = {
				PRODUCT_NAME = "$(TARGET_NAME)";
			};
			name = Release;
		};
/* End XCBuildConfiguration section */

/* Begin XCConfigurationList section */
		64E59ABB1BCD1CA5000561C8 /* Build configuration list for PBXProject "02_LinearList_Linked_Storage" */ = {
			isa = XCConfigurationList;
			buildConfigurations = (
				64E59AC51BCD1CA5000561C8 /* Debug */,
				64E59AC61BCD1CA5000561C8 /* Release */,
			);
			defaultConfigurationIsVisible = 0;
			defaultConfigurationName = Release;
		};
		64E59AC71BCD1CA5000561C8 /* Build configuration list for PBXNativeTarget "02_LinearList_Linked_Storage" */ = {
			isa = XCConfigurationList;
			buildConfigurations = (
				64E59AC81BCD1CA5000561C8 /* Debug */,
				64E59AC91BCD1CA5000561C8 /* Release */,
			);
			defaultConfigurationIsVisible = 0;
		};
/* End XCConfigurationList section */
	};
	rootObject = 64E59AB81BCD1CA5000561C8 /* Project object */;
}
