// !$*UTF8*$!
{
	archiveVersion = 1;
	classes = {
	};
	objectVersion = 46;
	objects = {

/* Begin PBXBuildFile section */
		6457F5CD1BF9C676009D988B /* main.c in Sources */ = {isa = PBXBuildFile; fileRef = 6457F5CC1BF9C676009D988B /* main.c */; };
		6457F5D51BF9C687009D988B /* LinkList.c in Sources */ = {isa = PBXBuildFile; fileRef = 6457F5D31BF9C687009D988B /* LinkList.c */; };
		6457F5D81BF9C69F009D988B /* LinkQueue.c in Sources */ = {isa = PBXBuildFile; fileRef = 6457F5D61BF9C69F009D988B /* LinkQueue.c */; };
/* End PBXBuildFile section */

/* Begin PBXCopyFilesBuildPhase section */
		6457F5C71BF9C676009D988B /* CopyFiles */ = {
			isa = PBXCopyFilesBuildPhase;
			buildActionMask = 2147483647;
			dstPath = /usr/share/man/man1/;
			dstSubfolderSpec = 0;
			files = (
			);
			runOnlyForDeploymentPostprocessing = 1;
		};
/* End PBXCopyFilesBuildPhase section */

/* Begin PBXFileReference section */
		6457F5C91BF9C676009D988B /* 08_Link_Queue */ = {isa = PBXFileReference; explicitFileType = "compiled.mach-o.executable"; includeInIndex = 0; path = 08_Link_Queue; sourceTree = BUILT_PRODUCTS_DIR; };
		6457F5CC1BF9C676009D988B /* main.c */ = {isa = PBXFileReference; lastKnownFileType = sourcecode.c.c; path = main.c; sourceTree = "<group>"; };
		6457F5D31BF9C687009D988B /* LinkList.c */ = {isa = PBXFileReference; fileEncoding = 4; lastKnownFileType = sourcecode.c.c; path = LinkList.c; sourceTree = "<group>"; };
		6457F5D41BF9C687009D988B /* LinkList.h */ = {isa = PBXFileReference; fileEncoding = 4; lastKnownFileType = sourcecode.c.h; path = LinkList.h; sourceTree = "<group>"; };
		6457F5D61BF9C69F009D988B /* LinkQueue.c */ = {isa = PBXFileReference; fileEncoding = 4; lastKnownFileType = sourcecode.c.c; path = LinkQueue.c; sourceTree = "<group>"; };
		6457F5D71BF9C69F009D988B /* LinkQueue.h */ = {isa = PBXFileReference; fileEncoding = 4; lastKnownFileType = sourcecode.c.h; path = LinkQueue.h; sourceTree = "<group>"; };
/* End PBXFileReference section */

/* Begin PBXFrameworksBuildPhase section */
		6457F5C61BF9C676009D988B /* Frameworks */ = {
			isa = PBXFrameworksBuildPhase;
			buildActionMask = 2147483647;
			files = (
			);
			runOnlyForDeploymentPostprocessing = 0;
		};
/* End PBXFrameworksBuildPhase section */

/* Begin PBXGroup section */
		6457F5C01BF9C676009D988B = {
			isa = PBXGroup;
			children = (
				6457F5CB1BF9C676009D988B /* 08_Link_Queue */,
				6457F5CA1BF9C676009D988B /* Products */,
			);
			sourceTree = "<group>";
		};
		6457F5CA1BF9C676009D988B /* Products */ = {
			isa = PBXGroup;
			children = (
				6457F5C91BF9C676009D988B /* 08_Link_Queue */,
			);
			name = Products;
			sourceTree = "<group>";
		};
		6457F5CB1BF9C676009D988B /* 08_Link_Queue */ = {
			isa = PBXGroup;
			children = (
				6457F5D41BF9C687009D988B /* LinkList.h */,
				6457F5D31BF9C687009D988B /* LinkList.c */,
				6457F5D71BF9C69F009D988B /* LinkQueue.h */,
				6457F5D61BF9C69F009D988B /* LinkQueue.c */,
				6457F5CC1BF9C676009D988B /* main.c */,
			);
			path = 08_Link_Queue;
			sourceTree = "<group>";
		};
/* End PBXGroup section */

/* Begin PBXNativeTarget section */
		6457F5C81BF9C676009D988B /* 08_Link_Queue */ = {
			isa = PBXNativeTarget;
			buildConfigurationList = 6457F5D01BF9C676009D988B /* Build configuration list for PBXNativeTarget "08_Link_Queue" */;
			buildPhases = (
				6457F5C51BF9C676009D988B /* Sources */,
				6457F5C61BF9C676009D988B /* Frameworks */,
				6457F5C71BF9C676009D988B /* CopyFiles */,
			);
			buildRules = (
			);
			dependencies = (
			);
			name = 08_Link_Queue;
			productName = 08_Link_Queue;
			productReference = 6457F5C91BF9C676009D988B /* 08_Link_Queue */;
			productType = "com.apple.product-type.tool";
		};
/* End PBXNativeTarget section */

/* Begin PBXProject section */
		6457F5C11BF9C676009D988B /* Project object */ = {
			isa = PBXProject;
			attributes = {
				LastUpgradeCheck = 0710;
				ORGANIZATIONNAME = chan;
				TargetAttributes = {
					6457F5C81BF9C676009D988B = {
						CreatedOnToolsVersion = 7.1;
					};
				};
			};
			buildConfigurationList = 6457F5C41BF9C676009D988B /* Build configuration list for PBXProject "08_Link_Queue" */;
			compatibilityVersion = "Xcode 3.2";
			developmentRegion = English;
			hasScannedForEncodings = 0;
			knownRegions = (
				en,
			);
			mainGroup = 6457F5C01BF9C676009D988B;
			productRefGroup = 6457F5CA1BF9C676009D988B /* Products */;
			projectDirPath = "";
			projectRoot = "";
			targets = (
				6457F5C81BF9C676009D988B /* 08_Link_Queue */,
			);
		};
/* End PBXProject section */

/* Begin PBXSourcesBuildPhase section */
		6457F5C51BF9C676009D988B /* Sources */ = {
			isa = PBXSourcesBuildPhase;
			buildActionMask = 2147483647;
			files = (
				6457F5CD1BF9C676009D988B /* main.c in Sources */,
				6457F5D51BF9C687009D988B /* LinkList.c in Sources */,
				6457F5D81BF9C69F009D988B /* LinkQueue.c in Sources */,
			);
			runOnlyForDeploymentPostprocessing = 0;
		};
/* End PBXSourcesBuildPhase section */

/* Begin XCBuildConfiguration section */
		6457F5CE1BF9C676009D988B /* Debug */ = {
			isa = XCBuildConfiguration;
			buildSettings = {
				ALWAYS_SEARCH_USER_PATHS = NO;
				CLANG_CXX_LANGUAGE_STANDARD = "gnu++0x";
				CLANG_CXX_LIBRARY = "libc++";
				CLANG_ENABLE_MODULES = YES;
				CLANG_ENABLE_OBJC_ARC = YES;
				CLANG_WARN_BOOL_CONVERSION = YES;
				CLANG_WARN_CONSTANT_CONVERSION = YES;
				CLANG_WARN_DIRECT_OBJC_ISA_USAGE = YES_ERROR;
				CLANG_WARN_EMPTY_BODY = YES;
				CLANG_WARN_ENUM_CONVERSION = YES;
				CLANG_WARN_INT_CONVERSION = YES;
				CLANG_WARN_OBJC_ROOT_CLASS = YES_ERROR;
				CLANG_WARN_UNREACHABLE_CODE = YES;
				CLANG_WARN__DUPLICATE_METHOD_MATCH = YES;
				CODE_SIGN_IDENTITY = "-";
				COPY_PHASE_STRIP = NO;
				DEBUG_INFORMATION_FORMAT = dwarf;
				ENABLE_STRICT_OBJC_MSGSEND = YES;
				ENABLE_TESTABILITY = YES;
				GCC_C_LANGUAGE_STANDARD = gnu99;
				GCC_DYNAMIC_NO_PIC = NO;
				GCC_NO_COMMON_BLOCKS = YES;
				GCC_OPTIMIZATION_LEVEL = 0;
				GCC_PREPROCESSOR_DEFINITIONS = (
					"DEBUG=1",
					"$(inherited)",
				);
				GCC_WARN_64_TO_32_BIT_CONVERSION = YES;
				GCC_WARN_ABOUT_RETURN_TYPE = YES_ERROR;
				GCC_WARN_UNDECLARED_SELECTOR = YES;
				GCC_WARN_UNINITIALIZED_AUTOS = YES_AGGRESSIVE;
				GCC_WARN_UNUSED_FUNCTION = YES;
				GCC_WARN_UNUSED_VARIABLE = YES;
				MACOSX_DEPLOYMENT_TARGET = 10.11;
				MTL_ENABLE_DEBUG_INFO = YES;
				ONLY_ACTIVE_ARCH = YES;
				SDKROOT = macosx;
			};
			name = Debug;
		};
		6457F5CF1BF9C676009D988B /* Release */ = {
			isa = XCBuildConfiguration;
			buildSettings = {
				ALWAYS_SEARCH_USER_PATHS = NO;
				CLANG_CXX_LANGUAGE_STANDARD = "gnu++0x";
				CLANG_CXX_LIBRARY = "libc++";
				CLANG_ENABLE_MODULES = YES;
				CLANG_ENABLE_OBJC_ARC = YES;
				CLANG_WARN_BOOL_CONVERSION = YES;
				CLANG_WARN_CONSTANT_CONVERSION = YES;
				CLANG_WARN_DIRECT_OBJC_ISA_USAGE = YES_ERROR;
				CLANG_WARN_EMPTY_BODY = YES;
				CLANG_WARN_ENUM_CONVERSION = YES;
				CLANG_WARN_INT_CONVERSION = YES;
				CLANG_WARN_OBJC_ROOT_CLASS = YES_ERROR;
				CLANG_WARN_UNREACHABLE_CODE = YES;
				CLANG_WARN__DUPLICATE_METHOD_MATCH = YES;
				CODE_SIGN_IDENTITY = "-";
				COPY_PHASE_STRIP = NO;
				DEBUG_INFORMATION_FORMAT = "dwarf-with-dsym";
				ENABLE_NS_ASSERTIONS = NO;
				ENABLE_STRICT_OBJC_MSGSEND = YES;
				GCC_C_LANGUAGE_STANDARD = gnu99;
				GCC_NO_COMMON_BLOCKS = YES;
				GCC_WARN_64_TO_32_BIT_CONVERSION = YES;
				GCC_WARN_ABOUT_RETURN_TYPE = YES_ERROR;
				GCC_WARN_UNDECLARED_SELECTOR = YES;
				GCC_WARN_UNINITIALIZED_AUTOS = YES_AGGRESSIVE;
				GCC_WARN_UNUSED_FUNCTION = YES;
				GCC_WARN_UNUSED_VARIABLE = YES;
				MACOSX_DEPLOYMENT_TARGET = 10.11;
				MTL_ENABLE_DEBUG_INFO = NO;
				SDKROOT = macosx;
			};
			name = Release;
		};
		6457F5D11BF9C676009D988B /* Debug */ = {
			isa = XCBuildConfiguration;
			buildSettings = {
				PRODUCT_NAME = "$(TARGET_NAME)";
			};
			name = Debug;
		};
		6457F5D21BF9C676009D988B /* Release */ = {
			isa = XCBuildConfiguration;
			buildSettings = {
				PRODUCT_NAME = "$(TARGET_NAME)";
			};
			name = Release;
		};
/* End XCBuildConfiguration section */

/* Begin XCConfigurationList section */
		6457F5C41BF9C676009D988B /* Build configuration list for PBXProject "08_Link_Queue" */ = {
			isa = XCConfigurationList;
			buildConfigurations = (
				6457F5CE1BF9C676009D988B /* Debug */,
				6457F5CF1BF9C676009D988B /* Release */,
			);
			defaultConfigurationIsVisible = 0;
			defaultConfigurationName = Release;
		};
		6457F5D01BF9C676009D988B /* Build configuration list for PBXNativeTarget "08_Link_Queue" */ = {
			isa = XCConfigurationList;
			buildConfigurations = (
				6457F5D11BF9C676009D988B /* Debug */,
				6457F5D21BF9C676009D988B /* Release */,
			);
			defaultConfigurationIsVisible = 0;
		};
/* End XCConfigurationList section */
	};
	rootObject = 6457F5C11BF9C676009D988B /* Project object */;
}
