// !$*UTF8*$!
{
	archiveVersion = 1;
	classes = {
	};
	objectVersion = 46;
	objects = {

/* Begin PBXBuildFile section */
		649677A71BD79BCC006C578A /* main.c in Sources */ = {isa = PBXBuildFile; fileRef = 649677A61BD79BCC006C578A /* main.c */; };
		649677AF1BD79BF3006C578A /* LinkList.c in Sources */ = {isa = PBXBuildFile; fileRef = 649677AD1BD79BF3006C578A /* LinkList.c */; settings = {ASSET_TAGS = (); }; };
		649677B21BD79C1A006C578A /* LinkStack.c in Sources */ = {isa = PBXBuildFile; fileRef = 649677B01BD79C1A006C578A /* LinkStack.c */; settings = {ASSET_TAGS = (); }; };
/* End PBXBuildFile section */

/* Begin PBXCopyFilesBuildPhase section */
		649677A11BD79BCC006C578A /* CopyFiles */ = {
			isa = PBXCopyFilesBuildPhase;
			buildActionMask = 2147483647;
			dstPath = /usr/share/man/man1/;
			dstSubfolderSpec = 0;
			files = (
			);
			runOnlyForDeploymentPostprocessing = 1;
		};
/* End PBXCopyFilesBuildPhase section */

/* Begin PBXFileReference section */
		649677A31BD79BCC006C578A /* 06_LinkStack */ = {isa = PBXFileReference; explicitFileType = "compiled.mach-o.executable"; includeInIndex = 0; path = 06_LinkStack; sourceTree = BUILT_PRODUCTS_DIR; };
		649677A61BD79BCC006C578A /* main.c */ = {isa = PBXFileReference; lastKnownFileType = sourcecode.c.c; path = main.c; sourceTree = "<group>"; };
		649677AD1BD79BF3006C578A /* LinkList.c */ = {isa = PBXFileReference; fileEncoding = 4; lastKnownFileType = sourcecode.c.c; path = LinkList.c; sourceTree = "<group>"; };
		649677AE1BD79BF3006C578A /* LinkList.h */ = {isa = PBXFileReference; fileEncoding = 4; lastKnownFileType = sourcecode.c.h; path = LinkList.h; sourceTree = "<group>"; };
		649677B01BD79C1A006C578A /* LinkStack.c */ = {isa = PBXFileReference; fileEncoding = 4; lastKnownFileType = sourcecode.c.c; path = LinkStack.c; sourceTree = "<group>"; };
		649677B11BD79C1A006C578A /* LinkStack.h */ = {isa = PBXFileReference; fileEncoding = 4; lastKnownFileType = sourcecode.c.h; path = LinkStack.h; sourceTree = "<group>"; };
/* End PBXFileReference section */

/* Begin PBXFrameworksBuildPhase section */
		649677A01BD79BCC006C578A /* Frameworks */ = {
			isa = PBXFrameworksBuildPhase;
			buildActionMask = 2147483647;
			files = (
			);
			runOnlyForDeploymentPostprocessing = 0;
		};
/* End PBXFrameworksBuildPhase section */

/* Begin PBXGroup section */
		6496779A1BD79BCC006C578A = {
			isa = PBXGroup;
			children = (
				649677A51BD79BCC006C578A /* 06_LinkStack */,
				649677A41BD79BCC006C578A /* Products */,
			);
			sourceTree = "<group>";
		};
		649677A41BD79BCC006C578A /* Products */ = {
			isa = PBXGroup;
			children = (
				649677A31BD79BCC006C578A /* 06_LinkStack */,
			);
			name = Products;
			sourceTree = "<group>";
		};
		649677A51BD79BCC006C578A /* 06_LinkStack */ = {
			isa = PBXGroup;
			children = (
				649677AE1BD79BF3006C578A /* LinkList.h */,
				649677AD1BD79BF3006C578A /* LinkList.c */,
				649677B11BD79C1A006C578A /* LinkStack.h */,
				649677B01BD79C1A006C578A /* LinkStack.c */,
				649677A61BD79BCC006C578A /* main.c */,
			);
			path = 06_LinkStack;
			sourceTree = "<group>";
		};
/* End PBXGroup section */

/* Begin PBXNativeTarget section */
		649677A21BD79BCC006C578A /* 06_LinkStack */ = {
			isa = PBXNativeTarget;
			buildConfigurationList = 649677AA1BD79BCC006C578A /* Build configuration list for PBXNativeTarget "06_LinkStack" */;
			buildPhases = (
				6496779F1BD79BCC006C578A /* Sources */,
				649677A01BD79BCC006C578A /* Frameworks */,
				649677A11BD79BCC006C578A /* CopyFiles */,
			);
			buildRules = (
			);
			dependencies = (
			);
			name = 06_LinkStack;
			productName = 06_LinkStack;
			productReference = 649677A31BD79BCC006C578A /* 06_LinkStack */;
			productType = "com.apple.product-type.tool";
		};
/* End PBXNativeTarget section */

/* Begin PBXProject section */
		6496779B1BD79BCC006C578A /* Project object */ = {
			isa = PBXProject;
			attributes = {
				LastUpgradeCheck = 0700;
				ORGANIZATIONNAME = chan;
				TargetAttributes = {
					649677A21BD79BCC006C578A = {
						CreatedOnToolsVersion = 7.0.1;
					};
				};
			};
			buildConfigurationList = 6496779E1BD79BCC006C578A /* Build configuration list for PBXProject "06_LinkStack" */;
			compatibilityVersion = "Xcode 3.2";
			developmentRegion = English;
			hasScannedForEncodings = 0;
			knownRegions = (
				en,
			);
			mainGroup = 6496779A1BD79BCC006C578A;
			productRefGroup = 649677A41BD79BCC006C578A /* Products */;
			projectDirPath = "";
			projectRoot = "";
			targets = (
				649677A21BD79BCC006C578A /* 06_LinkStack */,
			);
		};
/* End PBXProject section */

/* Begin PBXSourcesBuildPhase section */
		6496779F1BD79BCC006C578A /* Sources */ = {
			isa = PBXSourcesBuildPhase;
			buildActionMask = 2147483647;
			files = (
				649677A71BD79BCC006C578A /* main.c in Sources */,
				649677AF1BD79BF3006C578A /* LinkList.c in Sources */,
				649677B21BD79C1A006C578A /* LinkStack.c in Sources */,
			);
			runOnlyForDeploymentPostprocessing = 0;
		};
/* End PBXSourcesBuildPhase section */

/* Begin XCBuildConfiguration section */
		649677A81BD79BCC006C578A /* Debug */ = {
			isa = XCBuildConfiguration;
			buildSettings = {
				ALWAYS_SEARCH_USER_PATHS = NO;
				CLANG_CXX_LANGUAGE_STANDARD = "gnu++0x";
				CLANG_CXX_LIBRARY = "libc++";
				CLANG_ENABLE_MODULES = YES;
				CLANG_ENABLE_OBJC_ARC = YES;
				CLANG_WARN_BOOL_CONVERSION = YES;
				CLANG_WARN_CONSTANT_CONVERSION = YES;
				CLANG_WARN_DIRECT_OBJC_ISA_USAGE = YES_ERROR;
				CLANG_WARN_EMPTY_BODY = YES;
				CLANG_WARN_ENUM_CONVERSION = YES;
				CLANG_WARN_INT_CONVERSION = YES;
				CLANG_WARN_OBJC_ROOT_CLASS = YES_ERROR;
				CLANG_WARN_UNREACHABLE_CODE = YES;
				CLANG_WARN__DUPLICATE_METHOD_MATCH = YES;
				COPY_PHASE_STRIP = NO;
				DEBUG_INFORMATION_FORMAT = dwarf;
				ENABLE_STRICT_OBJC_MSGSEND = YES;
				ENABLE_TESTABILITY = YES;
				GCC_C_LANGUAGE_STANDARD = gnu99;
				GCC_DYNAMIC_NO_PIC = NO;
				GCC_NO_COMMON_BLOCKS = YES;
				GCC_OPTIMIZATION_LEVEL = 0;
				GCC_PREPROCESSOR_DEFINITIONS = (
					"DEBUG=1",
					"$(inherited)",
				);
				GCC_WARN_64_TO_32_BIT_CONVERSION = YES;
				GCC_WARN_ABOUT_RETURN_TYPE = YES_ERROR;
				GCC_WARN_UNDECLARED_SELECTOR = YES;
				GCC_WARN_UNINITIALIZED_AUTOS = YES_AGGRESSIVE;
				GCC_WARN_UNUSED_FUNCTION = YES;
				GCC_WARN_UNUSED_VARIABLE = YES;
				MACOSX_DEPLOYMENT_TARGET = 10.11;
				MTL_ENABLE_DEBUG_INFO = YES;
				ONLY_ACTIVE_ARCH = YES;
				SDKROOT = macosx;
			};
			name = Debug;
		};
		649677A91BD79BCC006C578A /* Release */ = {
			isa = XCBuildConfiguration;
			buildSettings = {
				ALWAYS_SEARCH_USER_PATHS = NO;
				CLANG_CXX_LANGUAGE_STANDARD = "gnu++0x";
				CLANG_CXX_LIBRARY = "libc++";
				CLANG_ENABLE_MODULES = YES;
				CLANG_ENABLE_OBJC_ARC = YES;
				CLANG_WARN_BOOL_CONVERSION = YES;
				CLANG_WARN_CONSTANT_CONVERSION = YES;
				CLANG_WARN_DIRECT_OBJC_ISA_USAGE = YES_ERROR;
				CLANG_WARN_EMPTY_BODY = YES;
				CLANG_WARN_ENUM_CONVERSION = YES;
				CLANG_WARN_INT_CONVERSION = YES;
				CLANG_WARN_OBJC_ROOT_CLASS = YES_ERROR;
				CLANG_WARN_UNREACHABLE_CODE = YES;
				CLANG_WARN__DUPLICATE_METHOD_MATCH = YES;
				COPY_PHASE_STRIP = NO;
				DEBUG_INFORMATION_FORMAT = "dwarf-with-dsym";
				ENABLE_NS_ASSERTIONS = NO;
				ENABLE_STRICT_OBJC_MSGSEND = YES;
				GCC_C_LANGUAGE_STANDARD = gnu99;
				GCC_NO_COMMON_BLOCKS = YES;
				GCC_WARN_64_TO_32_BIT_CONVERSION = YES;
				GCC_WARN_ABOUT_RETURN_TYPE = YES_ERROR;
				GCC_WARN_UNDECLARED_SELECTOR = YES;
				GCC_WARN_UNINITIALIZED_AUTOS = YES_AGGRESSIVE;
				GCC_WARN_UNUSED_FUNCTION = YES;
				GCC_WARN_UNUSED_VARIABLE = YES;
				MACOSX_DEPLOYMENT_TARGET = 10.11;
				MTL_ENABLE_DEBUG_INFO = NO;
				SDKROOT = macosx;
			};
			name = Release;
		};
		649677AB1BD79BCC006C578A /* Debug */ = {
			isa = XCBuildConfiguration;
			buildSettings = {
				PRODUCT_NAME = "$(TARGET_NAME)";
			};
			name = Debug;
		};
		649677AC1BD79BCC006C578A /* Release */ = {
			isa = XCBuildConfiguration;
			buildSettings = {
				PRODUCT_NAME = "$(TARGET_NAME)";
			};
			name = Release;
		};
/* End XCBuildConfiguration section */

/* Begin XCConfigurationList section */
		6496779E1BD79BCC006C578A /* Build configuration list for PBXProject "06_LinkStack" */ = {
			isa = XCConfigurationList;
			buildConfigurations = (
				649677A81BD79BCC006C578A /* Debug */,
				649677A91BD79BCC006C578A /* Release */,
			);
			defaultConfigurationIsVisible = 0;
			defaultConfigurationName = Release;
		};
		649677AA1BD79BCC006C578A /* Build configuration list for PBXNativeTarget "06_LinkStack" */ = {
			isa = XCConfigurationList;
			buildConfigurations = (
				649677AB1BD79BCC006C578A /* Debug */,
				649677AC1BD79BCC006C578A /* Release */,
			);
			defaultConfigurationIsVisible = 0;
		};
/* End XCConfigurationList section */
	};
	rootObject = 6496779B1BD79BCC006C578A /* Project object */;
}
