// !$*UTF8*$!
{
	archiveVersion = 1;
	classes = {
	};
	objectVersion = 50;
	objects = {

/* Begin PBXBuildFile section */
		802F91D82136AD1F00AB1B2D /* main.c in Sources */ = {isa = PBXBuildFile; fileRef = 802F91D72136AD1F00AB1B2D /* main.c */; };
		802F91E02136AD3D00AB1B2D /* AMGraph.c in Sources */ = {isa = PBXBuildFile; fileRef = 802F91DE2136AD3D00AB1B2D /* AMGraph.c */; };
		802F91E32136AFC600AB1B2D /* ALGraph.c in Sources */ = {isa = PBXBuildFile; fileRef = 802F91E12136AFC600AB1B2D /* ALGraph.c */; };
		802F91E62137C43300AB1B2D /* Queue.c in Sources */ = {isa = PBXBuildFile; fileRef = 802F91E52137C43300AB1B2D /* Queue.c */; };
/* End PBXBuildFile section */

/* Begin PBXCopyFilesBuildPhase section */
		802F91D22136AD1F00AB1B2D /* CopyFiles */ = {
			isa = PBXCopyFilesBuildPhase;
			buildActionMask = 2147483647;
			dstPath = /usr/share/man/man1/;
			dstSubfolderSpec = 0;
			files = (
			);
			runOnlyForDeploymentPostprocessing = 1;
		};
/* End PBXCopyFilesBuildPhase section */

/* Begin PBXFileReference section */
		802F91D42136AD1F00AB1B2D /* AMGraph */ = {isa = PBXFileReference; explicitFileType = "compiled.mach-o.executable"; includeInIndex = 0; path = AMGraph; sourceTree = BUILT_PRODUCTS_DIR; };
		802F91D72136AD1F00AB1B2D /* main.c */ = {isa = PBXFileReference; lastKnownFileType = sourcecode.c.c; path = main.c; sourceTree = "<group>"; };
		802F91DE2136AD3D00AB1B2D /* AMGraph.c */ = {isa = PBXFileReference; lastKnownFileType = sourcecode.c.c; path = AMGraph.c; sourceTree = "<group>"; };
		802F91DF2136AD3D00AB1B2D /* AMGraph.h */ = {isa = PBXFileReference; lastKnownFileType = sourcecode.c.h; path = AMGraph.h; sourceTree = "<group>"; };
		802F91E12136AFC600AB1B2D /* ALGraph.c */ = {isa = PBXFileReference; lastKnownFileType = sourcecode.c.c; path = ALGraph.c; sourceTree = "<group>"; };
		802F91E22136AFC600AB1B2D /* ALGraph.h */ = {isa = PBXFileReference; lastKnownFileType = sourcecode.c.h; path = ALGraph.h; sourceTree = "<group>"; };
		802F91E42137C43300AB1B2D /* Queue.h */ = {isa = PBXFileReference; fileEncoding = 4; lastKnownFileType = sourcecode.c.h; path = Queue.h; sourceTree = "<group>"; };
		802F91E52137C43300AB1B2D /* Queue.c */ = {isa = PBXFileReference; fileEncoding = 4; lastKnownFileType = sourcecode.c.c; path = Queue.c; sourceTree = "<group>"; };
/* End PBXFileReference section */

/* Begin PBXFrameworksBuildPhase section */
		802F91D12136AD1F00AB1B2D /* Frameworks */ = {
			isa = PBXFrameworksBuildPhase;
			buildActionMask = 2147483647;
			files = (
			);
			runOnlyForDeploymentPostprocessing = 0;
		};
/* End PBXFrameworksBuildPhase section */

/* Begin PBXGroup section */
		802F91CB2136AD1F00AB1B2D = {
			isa = PBXGroup;
			children = (
				802F91D62136AD1F00AB1B2D /* AMGraph */,
				802F91D52136AD1F00AB1B2D /* Products */,
			);
			sourceTree = "<group>";
		};
		802F91D52136AD1F00AB1B2D /* Products */ = {
			isa = PBXGroup;
			children = (
				802F91D42136AD1F00AB1B2D /* AMGraph */,
			);
			name = Products;
			sourceTree = "<group>";
		};
		802F91D62136AD1F00AB1B2D /* AMGraph */ = {
			isa = PBXGroup;
			children = (
				802F91D72136AD1F00AB1B2D /* main.c */,
				802F91DE2136AD3D00AB1B2D /* AMGraph.c */,
				802F91DF2136AD3D00AB1B2D /* AMGraph.h */,
				802F91E12136AFC600AB1B2D /* ALGraph.c */,
				802F91E22136AFC600AB1B2D /* ALGraph.h */,
				802F91E52137C43300AB1B2D /* Queue.c */,
				802F91E42137C43300AB1B2D /* Queue.h */,
			);
			path = AMGraph;
			sourceTree = "<group>";
		};
/* End PBXGroup section */

/* Begin PBXNativeTarget section */
		802F91D32136AD1F00AB1B2D /* AMGraph */ = {
			isa = PBXNativeTarget;
			buildConfigurationList = 802F91DB2136AD1F00AB1B2D /* Build configuration list for PBXNativeTarget "AMGraph" */;
			buildPhases = (
				802F91D02136AD1F00AB1B2D /* Sources */,
				802F91D12136AD1F00AB1B2D /* Frameworks */,
				802F91D22136AD1F00AB1B2D /* CopyFiles */,
			);
			buildRules = (
			);
			dependencies = (
			);
			name = AMGraph;
			productName = AMGraph;
			productReference = 802F91D42136AD1F00AB1B2D /* AMGraph */;
			productType = "com.apple.product-type.tool";
		};
/* End PBXNativeTarget section */

/* Begin PBXProject section */
		802F91CC2136AD1F00AB1B2D /* Project object */ = {
			isa = PBXProject;
			attributes = {
				LastUpgradeCheck = 0940;
				ORGANIZATIONNAME = CXY;
				TargetAttributes = {
					802F91D32136AD1F00AB1B2D = {
						CreatedOnToolsVersion = 9.4.1;
					};
				};
			};
			buildConfigurationList = 802F91CF2136AD1F00AB1B2D /* Build configuration list for PBXProject "AMGraph" */;
			compatibilityVersion = "Xcode 9.3";
			developmentRegion = en;
			hasScannedForEncodings = 0;
			knownRegions = (
				en,
			);
			mainGroup = 802F91CB2136AD1F00AB1B2D;
			productRefGroup = 802F91D52136AD1F00AB1B2D /* Products */;
			projectDirPath = "";
			projectRoot = "";
			targets = (
				802F91D32136AD1F00AB1B2D /* AMGraph */,
			);
		};
/* End PBXProject section */

/* Begin PBXSourcesBuildPhase section */
		802F91D02136AD1F00AB1B2D /* Sources */ = {
			isa = PBXSourcesBuildPhase;
			buildActionMask = 2147483647;
			files = (
				802F91E02136AD3D00AB1B2D /* AMGraph.c in Sources */,
				802F91E62137C43300AB1B2D /* Queue.c in Sources */,
				802F91E32136AFC600AB1B2D /* ALGraph.c in Sources */,
				802F91D82136AD1F00AB1B2D /* main.c in Sources */,
			);
			runOnlyForDeploymentPostprocessing = 0;
		};
/* End PBXSourcesBuildPhase section */

/* Begin XCBuildConfiguration section */
		802F91D92136AD1F00AB1B2D /* Debug */ = {
			isa = XCBuildConfiguration;
			buildSettings = {
				ALWAYS_SEARCH_USER_PATHS = NO;
				CLANG_ANALYZER_NONNULL = YES;
				CLANG_ANALYZER_NUMBER_OBJECT_CONVERSION = YES_AGGRESSIVE;
				CLANG_CXX_LANGUAGE_STANDARD = "gnu++14";
				CLANG_CXX_LIBRARY = "libc++";
				CLANG_ENABLE_MODULES = YES;
				CLANG_ENABLE_OBJC_ARC = YES;
				CLANG_ENABLE_OBJC_WEAK = YES;
				CLANG_WARN_BLOCK_CAPTURE_AUTORELEASING = YES;
				CLANG_WARN_BOOL_CONVERSION = YES;
				CLANG_WARN_COMMA = YES;
				CLANG_WARN_CONSTANT_CONVERSION = YES;
				CLANG_WARN_DEPRECATED_OBJC_IMPLEMENTATIONS = YES;
				CLANG_WARN_DIRECT_OBJC_ISA_USAGE = YES_ERROR;
				CLANG_WARN_DOCUMENTATION_COMMENTS = YES;
				CLANG_WARN_EMPTY_BODY = YES;
				CLANG_WARN_ENUM_CONVERSION = YES;
				CLANG_WARN_INFINITE_RECURSION = YES;
				CLANG_WARN_INT_CONVERSION = YES;
				CLANG_WARN_NON_LITERAL_NULL_CONVERSION = YES;
				CLANG_WARN_OBJC_IMPLICIT_RETAIN_SELF = YES;
				CLANG_WARN_OBJC_LITERAL_CONVERSION = YES;
				CLANG_WARN_OBJC_ROOT_CLASS = YES_ERROR;
				CLANG_WARN_RANGE_LOOP_ANALYSIS = YES;
				CLANG_WARN_STRICT_PROTOTYPES = YES;
				CLANG_WARN_SUSPICIOUS_MOVE = YES;
				CLANG_WARN_UNGUARDED_AVAILABILITY = YES_AGGRESSIVE;
				CLANG_WARN_UNREACHABLE_CODE = YES;
				CLANG_WARN__DUPLICATE_METHOD_MATCH = YES;
				CODE_SIGN_IDENTITY = "-";
				COPY_PHASE_STRIP = NO;
				DEBUG_INFORMATION_FORMAT = dwarf;
				ENABLE_STRICT_OBJC_MSGSEND = YES;
				ENABLE_TESTABILITY = YES;
				GCC_C_LANGUAGE_STANDARD = gnu11;
				GCC_DYNAMIC_NO_PIC = NO;
				GCC_NO_COMMON_BLOCKS = YES;
				GCC_OPTIMIZATION_LEVEL = 0;
				GCC_PREPROCESSOR_DEFINITIONS = (
					"DEBUG=1",
					"$(inherited)",
				);
				GCC_WARN_64_TO_32_BIT_CONVERSION = YES;
				GCC_WARN_ABOUT_RETURN_TYPE = YES_ERROR;
				GCC_WARN_UNDECLARED_SELECTOR = YES;
				GCC_WARN_UNINITIALIZED_AUTOS = YES_AGGRESSIVE;
				GCC_WARN_UNUSED_FUNCTION = YES;
				GCC_WARN_UNUSED_VARIABLE = YES;
				MACOSX_DEPLOYMENT_TARGET = 10.13;
				MTL_ENABLE_DEBUG_INFO = YES;
				ONLY_ACTIVE_ARCH = YES;
				SDKROOT = macosx;
			};
			name = Debug;
		};
		802F91DA2136AD1F00AB1B2D /* Release */ = {
			isa = XCBuildConfiguration;
			buildSettings = {
				ALWAYS_SEARCH_USER_PATHS = NO;
				CLANG_ANALYZER_NONNULL = YES;
				CLANG_ANALYZER_NUMBER_OBJECT_CONVERSION = YES_AGGRESSIVE;
				CLANG_CXX_LANGUAGE_STANDARD = "gnu++14";
				CLANG_CXX_LIBRARY = "libc++";
				CLANG_ENABLE_MODULES = YES;
				CLANG_ENABLE_OBJC_ARC = YES;
				CLANG_ENABLE_OBJC_WEAK = YES;
				CLANG_WARN_BLOCK_CAPTURE_AUTORELEASING = YES;
				CLANG_WARN_BOOL_CONVERSION = YES;
				CLANG_WARN_COMMA = YES;
				CLANG_WARN_CONSTANT_CONVERSION = YES;
				CLANG_WARN_DEPRECATED_OBJC_IMPLEMENTATIONS = YES;
				CLANG_WARN_DIRECT_OBJC_ISA_USAGE = YES_ERROR;
				CLANG_WARN_DOCUMENTATION_COMMENTS = YES;
				CLANG_WARN_EMPTY_BODY = YES;
				CLANG_WARN_ENUM_CONVERSION = YES;
				CLANG_WARN_INFINITE_RECURSION = YES;
				CLANG_WARN_INT_CONVERSION = YES;
				CLANG_WARN_NON_LITERAL_NULL_CONVERSION = YES;
				CLANG_WARN_OBJC_IMPLICIT_RETAIN_SELF = YES;
				CLANG_WARN_OBJC_LITERAL_CONVERSION = YES;
				CLANG_WARN_OBJC_ROOT_CLASS = YES_ERROR;
				CLANG_WARN_RANGE_LOOP_ANALYSIS = YES;
				CLANG_WARN_STRICT_PROTOTYPES = YES;
				CLANG_WARN_SUSPICIOUS_MOVE = YES;
				CLANG_WARN_UNGUARDED_AVAILABILITY = YES_AGGRESSIVE;
				CLANG_WARN_UNREACHABLE_CODE = YES;
				CLANG_WARN__DUPLICATE_METHOD_MATCH = YES;
				CODE_SIGN_IDENTITY = "-";
				COPY_PHASE_STRIP = NO;
				DEBUG_INFORMATION_FORMAT = "dwarf-with-dsym";
				ENABLE_NS_ASSERTIONS = NO;
				ENABLE_STRICT_OBJC_MSGSEND = YES;
				GCC_C_LANGUAGE_STANDARD = gnu11;
				GCC_NO_COMMON_BLOCKS = YES;
				GCC_WARN_64_TO_32_BIT_CONVERSION = YES;
				GCC_WARN_ABOUT_RETURN_TYPE = YES_ERROR;
				GCC_WARN_UNDECLARED_SELECTOR = YES;
				GCC_WARN_UNINITIALIZED_AUTOS = YES_AGGRESSIVE;
				GCC_WARN_UNUSED_FUNCTION = YES;
				GCC_WARN_UNUSED_VARIABLE = YES;
				MACOSX_DEPLOYMENT_TARGET = 10.13;
				MTL_ENABLE_DEBUG_INFO = NO;
				SDKROOT = macosx;
			};
			name = Release;
		};
		802F91DC2136AD1F00AB1B2D /* Debug */ = {
			isa = XCBuildConfiguration;
			buildSettings = {
				CODE_SIGN_STYLE = Automatic;
				PRODUCT_NAME = "$(TARGET_NAME)";
			};
			name = Debug;
		};
		802F91DD2136AD1F00AB1B2D /* Release */ = {
			isa = XCBuildConfiguration;
			buildSettings = {
				CODE_SIGN_STYLE = Automatic;
				PRODUCT_NAME = "$(TARGET_NAME)";
			};
			name = Release;
		};
/* End XCBuildConfiguration section */

/* Begin XCConfigurationList section */
		802F91CF2136AD1F00AB1B2D /* Build configuration list for PBXProject "AMGraph" */ = {
			isa = XCConfigurationList;
			buildConfigurations = (
				802F91D92136AD1F00AB1B2D /* Debug */,
				802F91DA2136AD1F00AB1B2D /* Release */,
			);
			defaultConfigurationIsVisible = 0;
			defaultConfigurationName = Release;
		};
		802F91DB2136AD1F00AB1B2D /* Build configuration list for PBXNativeTarget "AMGraph" */ = {
			isa = XCConfigurationList;
			buildConfigurations = (
				802F91DC2136AD1F00AB1B2D /* Debug */,
				802F91DD2136AD1F00AB1B2D /* Release */,
			);
			defaultConfigurationIsVisible = 0;
			defaultConfigurationName = Release;
		};
/* End XCConfigurationList section */
	};
	rootObject = 802F91CC2136AD1F00AB1B2D /* Project object */;
}
