// !$*UTF8*$!
{
	archiveVersion = 1;
	classes = {
	};
	objectVersion = 46;
	objects = {

/* Begin PBXBuildFile section */
		646808281BD094E900FB0EE5 /* main.c in Sources */ = {isa = PBXBuildFile; fileRef = 646808271BD094E900FB0EE5 /* main.c */; };
		646808301BD0950700FB0EE5 /* CircleList.c in Sources */ = {isa = PBXBuildFile; fileRef = 6468082E1BD0950700FB0EE5 /* CircleList.c */; settings = {ASSET_TAGS = (); }; };
/* End PBXBuildFile section */

/* Begin PBXCopyFilesBuildPhase section */
		646808221BD094E900FB0EE5 /* CopyFiles */ = {
			isa = PBXCopyFilesBuildPhase;
			buildActionMask = 2147483647;
			dstPath = /usr/share/man/man1/;
			dstSubfolderSpec = 0;
			files = (
			);
			runOnlyForDeploymentPostprocessing = 1;
		};
/* End PBXCopyFilesBuildPhase section */

/* Begin PBXFileReference section */
		646808241BD094E900FB0EE5 /* 03_CircleList */ = {isa = PBXFileReference; explicitFileType = "compiled.mach-o.executable"; includeInIndex = 0; path = 03_CircleList; sourceTree = BUILT_PRODUCTS_DIR; };
		646808271BD094E900FB0EE5 /* main.c */ = {isa = PBXFileReference; lastKnownFileType = sourcecode.c.c; path = main.c; sourceTree = "<group>"; };
		6468082E1BD0950700FB0EE5 /* CircleList.c */ = {isa = PBXFileReference; fileEncoding = 4; lastKnownFileType = sourcecode.c.c; path = CircleList.c; sourceTree = "<group>"; };
		6468082F1BD0950700FB0EE5 /* CircleList.h */ = {isa = PBXFileReference; fileEncoding = 4; lastKnownFileType = sourcecode.c.h; path = CircleList.h; sourceTree = "<group>"; };
/* End PBXFileReference section */

/* Begin PBXFrameworksBuildPhase section */
		646808211BD094E900FB0EE5 /* Frameworks */ = {
			isa = PBXFrameworksBuildPhase;
			buildActionMask = 2147483647;
			files = (
			);
			runOnlyForDeploymentPostprocessing = 0;
		};
/* End PBXFrameworksBuildPhase section */

/* Begin PBXGroup section */
		6468081B1BD094E900FB0EE5 = {
			isa = PBXGroup;
			children = (
				646808261BD094E900FB0EE5 /* 03_CircleList */,
				646808251BD094E900FB0EE5 /* Products */,
			);
			sourceTree = "<group>";
		};
		646808251BD094E900FB0EE5 /* Products */ = {
			isa = PBXGroup;
			children = (
				646808241BD094E900FB0EE5 /* 03_CircleList */,
			);
			name = Products;
			sourceTree = "<group>";
		};
		646808261BD094E900FB0EE5 /* 03_CircleList */ = {
			isa = PBXGroup;
			children = (
				6468082F1BD0950700FB0EE5 /* CircleList.h */,
				6468082E1BD0950700FB0EE5 /* CircleList.c */,
				646808271BD094E900FB0EE5 /* main.c */,
			);
			path = 03_CircleList;
			sourceTree = "<group>";
		};
/* End PBXGroup section */

/* Begin PBXNativeTarget section */
		646808231BD094E900FB0EE5 /* 03_CircleList */ = {
			isa = PBXNativeTarget;
			buildConfigurationList = 6468082B1BD094E900FB0EE5 /* Build configuration list for PBXNativeTarget "03_CircleList" */;
			buildPhases = (
				646808201BD094E900FB0EE5 /* Sources */,
				646808211BD094E900FB0EE5 /* Frameworks */,
				646808221BD094E900FB0EE5 /* CopyFiles */,
			);
			buildRules = (
			);
			dependencies = (
			);
			name = 03_CircleList;
			productName = 03_CircleList;
			productReference = 646808241BD094E900FB0EE5 /* 03_CircleList */;
			productType = "com.apple.product-type.tool";
		};
/* End PBXNativeTarget section */

/* Begin PBXProject section */
		6468081C1BD094E900FB0EE5 /* Project object */ = {
			isa = PBXProject;
			attributes = {
				LastUpgradeCheck = 0700;
				ORGANIZATIONNAME = chan;
				TargetAttributes = {
					646808231BD094E900FB0EE5 = {
						CreatedOnToolsVersion = 7.0.1;
					};
				};
			};
			buildConfigurationList = 6468081F1BD094E900FB0EE5 /* Build configuration list for PBXProject "03_CircleList" */;
			compatibilityVersion = "Xcode 3.2";
			developmentRegion = English;
			hasScannedForEncodings = 0;
			knownRegions = (
				en,
			);
			mainGroup = 6468081B1BD094E900FB0EE5;
			productRefGroup = 646808251BD094E900FB0EE5 /* Products */;
			projectDirPath = "";
			projectRoot = "";
			targets = (
				646808231BD094E900FB0EE5 /* 03_CircleList */,
			);
		};
/* End PBXProject section */

/* Begin PBXSourcesBuildPhase section */
		646808201BD094E900FB0EE5 /* Sources */ = {
			isa = PBXSourcesBuildPhase;
			buildActionMask = 2147483647;
			files = (
				646808281BD094E900FB0EE5 /* main.c in Sources */,
				646808301BD0950700FB0EE5 /* CircleList.c in Sources */,
			);
			runOnlyForDeploymentPostprocessing = 0;
		};
/* End PBXSourcesBuildPhase section */

/* Begin XCBuildConfiguration section */
		646808291BD094E900FB0EE5 /* Debug */ = {
			isa = XCBuildConfiguration;
			buildSettings = {
				ALWAYS_SEARCH_USER_PATHS = NO;
				CLANG_CXX_LANGUAGE_STANDARD = "gnu++0x";
				CLANG_CXX_LIBRARY = "libc++";
				CLANG_ENABLE_MODULES = YES;
				CLANG_ENABLE_OBJC_ARC = YES;
				CLANG_WARN_BOOL_CONVERSION = YES;
				CLANG_WARN_CONSTANT_CONVERSION = YES;
				CLANG_WARN_DIRECT_OBJC_ISA_USAGE = YES_ERROR;
				CLANG_WARN_EMPTY_BODY = YES;
				CLANG_WARN_ENUM_CONVERSION = YES;
				CLANG_WARN_INT_CONVERSION = YES;
				CLANG_WARN_OBJC_ROOT_CLASS = YES_ERROR;
				CLANG_WARN_UNREACHABLE_CODE = YES;
				CLANG_WARN__DUPLICATE_METHOD_MATCH = YES;
				COPY_PHASE_STRIP = NO;
				DEBUG_INFORMATION_FORMAT = dwarf;
				ENABLE_STRICT_OBJC_MSGSEND = YES;
				ENABLE_TESTABILITY = YES;
				GCC_C_LANGUAGE_STANDARD = gnu99;
				GCC_DYNAMIC_NO_PIC = NO;
				GCC_NO_COMMON_BLOCKS = YES;
				GCC_OPTIMIZATION_LEVEL = 0;
				GCC_PREPROCESSOR_DEFINITIONS = (
					"DEBUG=1",
					"$(inherited)",
				);
				GCC_WARN_64_TO_32_BIT_CONVERSION = YES;
				GCC_WARN_ABOUT_RETURN_TYPE = YES_ERROR;
				GCC_WARN_UNDECLARED_SELECTOR = YES;
				GCC_WARN_UNINITIALIZED_AUTOS = YES_AGGRESSIVE;
				GCC_WARN_UNUSED_FUNCTION = YES;
				GCC_WARN_UNUSED_VARIABLE = YES;
				MACOSX_DEPLOYMENT_TARGET = 10.11;
				MTL_ENABLE_DEBUG_INFO = YES;
				ONLY_ACTIVE_ARCH = YES;
				SDKROOT = macosx;
			};
			name = Debug;
		};
		6468082A1BD094E900FB0EE5 /* Release */ = {
			isa = XCBuildConfiguration;
			buildSettings = {
				ALWAYS_SEARCH_USER_PATHS = NO;
				CLANG_CXX_LANGUAGE_STANDARD = "gnu++0x";
				CLANG_CXX_LIBRARY = "libc++";
				CLANG_ENABLE_MODULES = YES;
				CLANG_ENABLE_OBJC_ARC = YES;
				CLANG_WARN_BOOL_CONVERSION = YES;
				CLANG_WARN_CONSTANT_CONVERSION = YES;
				CLANG_WARN_DIRECT_OBJC_ISA_USAGE = YES_ERROR;
				CLANG_WARN_EMPTY_BODY = YES;
				CLANG_WARN_ENUM_CONVERSION = YES;
				CLANG_WARN_INT_CONVERSION = YES;
				CLANG_WARN_OBJC_ROOT_CLASS = YES_ERROR;
				CLANG_WARN_UNREACHABLE_CODE = YES;
				CLANG_WARN__DUPLICATE_METHOD_MATCH = YES;
				COPY_PHASE_STRIP = NO;
				DEBUG_INFORMATION_FORMAT = "dwarf-with-dsym";
				ENABLE_NS_ASSERTIONS = NO;
				ENABLE_STRICT_OBJC_MSGSEND = YES;
				GCC_C_LANGUAGE_STANDARD = gnu99;
				GCC_NO_COMMON_BLOCKS = YES;
				GCC_WARN_64_TO_32_BIT_CONVERSION = YES;
				GCC_WARN_ABOUT_RETURN_TYPE = YES_ERROR;
				GCC_WARN_UNDECLARED_SELECTOR = YES;
				GCC_WARN_UNINITIALIZED_AUTOS = YES_AGGRESSIVE;
				GCC_WARN_UNUSED_FUNCTION = YES;
				GCC_WARN_UNUSED_VARIABLE = YES;
				MACOSX_DEPLOYMENT_TARGET = 10.11;
				MTL_ENABLE_DEBUG_INFO = NO;
				SDKROOT = macosx;
			};
			name = Release;
		};
		6468082C1BD094E900FB0EE5 /* Debug */ = {
			isa = XCBuildConfiguration;
			buildSettings = {
				PRODUCT_NAME = "$(TARGET_NAME)";
			};
			name = Debug;
		};
		6468082D1BD094E900FB0EE5 /* Release */ = {
			isa = XCBuildConfiguration;
			buildSettings = {
				PRODUCT_NAME = "$(TARGET_NAME)";
			};
			name = Release;
		};
/* End XCBuildConfiguration section */

/* Begin XCConfigurationList section */
		6468081F1BD094E900FB0EE5 /* Build configuration list for PBXProject "03_CircleList" */ = {
			isa = XCConfigurationList;
			buildConfigurations = (
				646808291BD094E900FB0EE5 /* Debug */,
				6468082A1BD094E900FB0EE5 /* Release */,
			);
			defaultConfigurationIsVisible = 0;
			defaultConfigurationName = Release;
		};
		6468082B1BD094E900FB0EE5 /* Build configuration list for PBXNativeTarget "03_CircleList" */ = {
			isa = XCConfigurationList;
			buildConfigurations = (
				6468082C1BD094E900FB0EE5 /* Debug */,
				6468082D1BD094E900FB0EE5 /* Release */,
			);
			defaultConfigurationIsVisible = 0;
		};
/* End XCConfigurationList section */
	};
	rootObject = 6468081C1BD094E900FB0EE5 /* Project object */;
}
